// !$*UTF8*$!
{
	archiveVersion = 1;
	classes = {
	};
	objectVersion = 48;
	objects = {

/* Begin PBXBuildFile section */
		48FE000920463DAE00256705 /* AppDelegate.swift in Sources */ = {isa = PBXBuildFile; fileRef = 48FE000820463DAE00256705 /* AppDelegate.swift */; };
		48FE000B20463DAE00256705 /* ViewController.swift in Sources */ = {isa = PBXBuildFile; fileRef = 48FE000A20463DAE00256705 /* ViewController.swift */; };
		48FE000E20463DAF00256705 /* Main.storyboard in Resources */ = {isa = PBXBuildFile; fileRef = 48FE000C20463DAF00256705 /* Main.storyboard */; };
		48FE001020463DAF00256705 /* Assets.xcassets in Resources */ = {isa = PBXBuildFile; fileRef = 48FE000F20463DAF00256705 /* Assets.xcassets */; };
		48FE001320463DAF00256705 /* LaunchScreen.storyboard in Resources */ = {isa = PBXBuildFile; fileRef = 48FE001120463DAF00256705 /* LaunchScreen.storyboard */; };
		48FE001B20463DE400256705 /* SendRequest.swift in Sources */ = {isa = PBXBuildFile; fileRef = 48FE001A20463DE400256705 /* SendRequest.swift */; };
		48FE001F2047781B00256705 /* CameraController.swift in Sources */ = {isa = PBXBuildFile; fileRef = 48FE001E2047781B00256705 /* CameraController.swift */; };
/* End PBXBuildFile section */

/* Begin PBXFileReference section */
		480094A12047DB2600AC1AA0 /* ProjectOxfordFace.framework */ = {isa = PBXFileReference; explicitFileType = wrapper.framework; path = ProjectOxfordFace.framework; sourceTree = BUILT_PRODUCTS_DIR; };
		48E273C82047D98B00C70666 /* Bridging-Header.h */ = {isa = PBXFileReference; lastKnownFileType = sourcecode.c.h; path = "Bridging-Header.h"; sourceTree = "<group>"; };
		48FE000520463DAE00256705 /* saycheese.app */ = {isa = PBXFileReference; explicitFileType = wrapper.application; includeInIndex = 0; path = saycheese.app; sourceTree = BUILT_PRODUCTS_DIR; };
		48FE000820463DAE00256705 /* AppDelegate.swift */ = {isa = PBXFileReference; lastKnownFileType = sourcecode.swift; path = AppDelegate.swift; sourceTree = "<group>"; };
		48FE000A20463DAE00256705 /* ViewController.swift */ = {isa = PBXFileReference; lastKnownFileType = sourcecode.swift; path = ViewController.swift; sourceTree = "<group>"; };
		48FE000D20463DAF00256705 /* Base */ = {isa = PBXFileReference; lastKnownFileType = file.storyboard; name = Base; path = Base.lproj/Main.storyboard; sourceTree = "<group>"; };
		48FE000F20463DAF00256705 /* Assets.xcassets */ = {isa = PBXFileReference; lastKnownFileType = folder.assetcatalog; path = Assets.xcassets; sourceTree = "<group>"; };
		48FE001220463DAF00256705 /* Base */ = {isa = PBXFileReference; lastKnownFileType = file.storyboard; name = Base; path = Base.lproj/LaunchScreen.storyboard; sourceTree = "<group>"; };
		48FE001420463DAF00256705 /* Info.plist */ = {isa = PBXFileReference; lastKnownFileType = text.plist.xml; path = Info.plist; sourceTree = "<group>"; };
		48FE001A20463DE400256705 /* SendRequest.swift */ = {isa = PBXFileReference; lastKnownFileType = sourcecode.swift; path = SendRequest.swift; sourceTree = "<group>"; };
		48FE001E2047781B00256705 /* CameraController.swift */ = {isa = PBXFileReference; lastKnownFileType = sourcecode.swift; path = CameraController.swift; sourceTree = "<group>"; };
/* End PBXFileReference section */

/* Begin PBXFrameworksBuildPhase section */
		48FE000220463DAE00256705 /* Frameworks */ = {
			isa = PBXFrameworksBuildPhase;
			buildActionMask = 2147483647;
			files = (
			);
			runOnlyForDeploymentPostprocessing = 0;
		};
/* End PBXFrameworksBuildPhase section */

/* Begin PBXGroup section */
		0A9C904E7F4D9BA036492BE8 /* Frameworks */ = {
			isa = PBXGroup;
			children = (
				480094A12047DB2600AC1AA0 /* ProjectOxfordFace.framework */,
			);
			name = Frameworks;
			sourceTree = "<group>";
		};
		48FE000620463DAE00256705 /* Products */ = {
			isa = PBXGroup;
			children = (
				48FE000520463DAE00256705 /* saycheese.app */,
			);
			name = Products;
			sourceTree = "<group>";
		};
		48FE000720463DAE00256705 /* saycheese */ = {
			isa = PBXGroup;
			children = (
				48FE000820463DAE00256705 /* AppDelegate.swift */,
				48FE000A20463DAE00256705 /* ViewController.swift */,
				48E273C82047D98B00C70666 /* Bridging-Header.h */,
				48FE001E2047781B00256705 /* CameraController.swift */,
				48FE001A20463DE400256705 /* SendRequest.swift */,
				48FE000C20463DAF00256705 /* Main.storyboard */,
				48FE000F20463DAF00256705 /* Assets.xcassets */,
				48FE001120463DAF00256705 /* LaunchScreen.storyboard */,
				48FE001420463DAF00256705 /* Info.plist */,
			);
			path = saycheese;
			sourceTree = "<group>";
		};
		48FEFFFC20463DAE00256705 = {
			isa = PBXGroup;
			children = (
				48FE000720463DAE00256705 /* saycheese */,
				48FE000620463DAE00256705 /* Products */,
				0A9C904E7F4D9BA036492BE8 /* Frameworks */,
			);
			sourceTree = "<group>";
		};
/* End PBXGroup section */

/* Begin PBXNativeTarget section */
		48FE000420463DAE00256705 /* saycheese */ = {
			isa = PBXNativeTarget;
			buildConfigurationList = 48FE001720463DAF00256705 /* Build configuration list for PBXNativeTarget "saycheese" */;
			buildPhases = (
				48FE000120463DAE00256705 /* Sources */,
				48FE000220463DAE00256705 /* Frameworks */,
				48FE000320463DAE00256705 /* Resources */,
			);
			buildRules = (
			);
			dependencies = (
			);
			name = saycheese;
			productName = saycheese;
			productReference = 48FE000520463DAE00256705 /* saycheese.app */;
			productType = "com.apple.product-type.application";
		};
/* End PBXNativeTarget section */

/* Begin PBXProject section */
		48FEFFFD20463DAE00256705 /* Project object */ = {
			isa = PBXProject;
			attributes = {
				LastSwiftUpdateCheck = 0920;
				LastUpgradeCheck = 0920;
				ORGANIZATIONNAME = "Jovin K";
				TargetAttributes = {
					48FE000420463DAE00256705 = {
						CreatedOnToolsVersion = 9.2;
						ProvisioningStyle = Automatic;
					};
				};
			};
			buildConfigurationList = 48FE000020463DAE00256705 /* Build configuration list for PBXProject "saycheese" */;
			compatibilityVersion = "Xcode 8.0";
			developmentRegion = en;
			hasScannedForEncodings = 0;
			knownRegions = (
				en,
				Base,
			);
			mainGroup = 48FEFFFC20463DAE00256705;
			productRefGroup = 48FE000620463DAE00256705 /* Products */;
			projectDirPath = "";
			projectRoot = "";
			targets = (
				48FE000420463DAE00256705 /* saycheese */,
			);
		};
/* End PBXProject section */

/* Begin PBXResourcesBuildPhase section */
		48FE000320463DAE00256705 /* Resources */ = {
			isa = PBXResourcesBuildPhase;
			buildActionMask = 2147483647;
			files = (
				48FE001320463DAF00256705 /* LaunchScreen.storyboard in Resources */,
				48FE001020463DAF00256705 /* Assets.xcassets in Resources */,
				48FE000E20463DAF00256705 /* Main.storyboard in Resources */,
			);
			runOnlyForDeploymentPostprocessing = 0;
		};
/* End PBXResourcesBuildPhase section */

/* Begin PBXSourcesBuildPhase section */
		48FE000120463DAE00256705 /* Sources */ = {
			isa = PBXSourcesBuildPhase;
			buildActionMask = 2147483647;
			files = (
				48FE001B20463DE400256705 /* SendRequest.swift in Sources */,
				48FE000B20463DAE00256705 /* ViewController.swift in Sources */,
				48FE001F2047781B00256705 /* CameraController.swift in Sources */,
				48FE000920463DAE00256705 /* AppDelegate.swift in Sources */,
			);
			runOnlyForDeploymentPostprocessing = 0;
		};
/* End PBXSourcesBuildPhase section */

/* Begin PBXVariantGroup section */
		48FE000C20463DAF00256705 /* Main.storyboard */ = {
			isa = PBXVariantGroup;
			children = (
				48FE000D20463DAF00256705 /* Base */,
			);
			name = Main.storyboard;
			sourceTree = "<group>";
		};
		48FE001120463DAF00256705 /* LaunchScreen.storyboard */ = {
			isa = PBXVariantGroup;
			children = (
				48FE001220463DAF00256705 /* Base */,
			);
			name = LaunchScreen.storyboard;
			sourceTree = "<group>";
		};
/* End PBXVariantGroup section */

/* Begin XCBuildConfiguration section */
		48FE001520463DAF00256705 /* Debug */ = {
			isa = XCBuildConfiguration;
			buildSettings = {
				ALWAYS_SEARCH_USER_PATHS = NO;
				CLANG_ANALYZER_NONNULL = YES;
				CLANG_ANALYZER_NUMBER_OBJECT_CONVERSION = YES_AGGRESSIVE;
				CLANG_CXX_LANGUAGE_STANDARD = "gnu++14";
				CLANG_CXX_LIBRARY = "libc++";
				CLANG_ENABLE_MODULES = YES;
				CLANG_ENABLE_OBJC_ARC = YES;
				CLANG_WARN_BLOCK_CAPTURE_AUTORELEASING = YES;
				CLANG_WARN_BOOL_CONVERSION = YES;
				CLANG_WARN_COMMA = YES;
				CLANG_WARN_CONSTANT_CONVERSION = YES;
				CLANG_WARN_DIRECT_OBJC_ISA_USAGE = YES_ERROR;
				CLANG_WARN_DOCUMENTATION_COMMENTS = YES;
				CLANG_WARN_EMPTY_BODY = YES;
				CLANG_WARN_ENUM_CONVERSION = YES;
				CLANG_WARN_INFINITE_RECURSION = YES;
				CLANG_WARN_INT_CONVERSION = YES;
				CLANG_WARN_NON_LITERAL_NULL_CONVERSION = YES;
				CLANG_WARN_OBJC_LITERAL_CONVERSION = YES;
				CLANG_WARN_OBJC_ROOT_CLASS = YES_ERROR;
				CLANG_WARN_RANGE_LOOP_ANALYSIS = YES;
				CLANG_WARN_STRICT_PROTOTYPES = YES;
				CLANG_WARN_SUSPICIOUS_MOVE = YES;
				CLANG_WARN_UNGUARDED_AVAILABILITY = YES_AGGRESSIVE;
				CLANG_WARN_UNREACHABLE_CODE = YES;
				CLANG_WARN__DUPLICATE_METHOD_MATCH = YES;
				CODE_SIGN_IDENTITY = "iPhone Developer";
				COPY_PHASE_STRIP = NO;
				DEBUG_INFORMATION_FORMAT = dwarf;
				ENABLE_STRICT_OBJC_MSGSEND = YES;
				ENABLE_TESTABILITY = YES;
				GCC_C_LANGUAGE_STANDARD = gnu11;
				GCC_DYNAMIC_NO_PIC = NO;
				GCC_NO_COMMON_BLOCKS = YES;
				GCC_OPTIMIZATION_LEVEL = 0;
				GCC_PREPROCESSOR_DEFINITIONS = (
					"DEBUG=1",
					"$(inherited)",
				);
				GCC_WARN_64_TO_32_BIT_CONVERSION = YES;
				GCC_WARN_ABOUT_RETURN_TYPE = YES_ERROR;
				GCC_WARN_UNDECLARED_SELECTOR = YES;
				GCC_WARN_UNINITIALIZED_AUTOS = YES_AGGRESSIVE;
				GCC_WARN_UNUSED_FUNCTION = YES;
				GCC_WARN_UNUSED_VARIABLE = YES;
				IPHONEOS_DEPLOYMENT_TARGET = 11.2;
				MTL_ENABLE_DEBUG_INFO = YES;
				ONLY_ACTIVE_ARCH = YES;
				SDKROOT = iphoneos;
				SWIFT_ACTIVE_COMPILATION_CONDITIONS = DEBUG;
				SWIFT_OPTIMIZATION_LEVEL = "-Onone";
			};
			name = Debug;
		};
		48FE001620463DAF00256705 /* Release */ = {
			isa = XCBuildConfiguration;
			buildSettings = {
				ALWAYS_SEARCH_USER_PATHS = NO;
				CLANG_ANALYZER_NONNULL = YES;
				CLANG_ANALYZER_NUMBER_OBJECT_CONVERSION = YES_AGGRESSIVE;
				CLANG_CXX_LANGUAGE_STANDARD = "gnu++14";
				CLANG_CXX_LIBRARY = "libc++";
				CLANG_ENABLE_MODULES = YES;
				CLANG_ENABLE_OBJC_ARC = YES;
				CLANG_WARN_BLOCK_CAPTURE_AUTORELEASING = YES;
				CLANG_WARN_BOOL_CONVERSION = YES;
				CLANG_WARN_COMMA = YES;
				CLANG_WARN_CONSTANT_CONVERSION = YES;
				CLANG_WARN_DIRECT_OBJC_ISA_USAGE = YES_ERROR;
				CLANG_WARN_DOCUMENTATION_COMMENTS = YES;
				CLANG_WARN_EMPTY_BODY = YES;
				CLANG_WARN_ENUM_CONVERSION = YES;
				CLANG_WARN_INFINITE_RECURSION = YES;
				CLANG_WARN_INT_CONVERSION = YES;
				CLANG_WARN_NON_LITERAL_NULL_CONVERSION = YES;
				CLANG_WARN_OBJC_LITERAL_CONVERSION = YES;
				CLANG_WARN_OBJC_ROOT_CLASS = YES_ERROR;
				CLANG_WARN_RANGE_LOOP_ANALYSIS = YES;
				CLANG_WARN_STRICT_PROTOTYPES = YES;
				CLANG_WARN_SUSPICIOUS_MOVE = YES;
				CLANG_WARN_UNGUARDED_AVAILABILITY = YES_AGGRESSIVE;
				CLANG_WARN_UNREACHABLE_CODE = YES;
				CLANG_WARN__DUPLICATE_METHOD_MATCH = YES;
				CODE_SIGN_IDENTITY = "iPhone Developer";
				COPY_PHASE_STRIP = NO;
				DEBUG_INFORMATION_FORMAT = "dwarf-with-dsym";
				ENABLE_NS_ASSERTIONS = NO;
				ENABLE_STRICT_OBJC_MSGSEND = YES;
				GCC_C_LANGUAGE_STANDARD = gnu11;
				GCC_NO_COMMON_BLOCKS = YES;
				GCC_WARN_64_TO_32_BIT_CONVERSION = YES;
				GCC_WARN_ABOUT_RETURN_TYPE = YES_ERROR;
				GCC_WARN_UNDECLARED_SELECTOR = YES;
				GCC_WARN_UNINITIALIZED_AUTOS = YES_AGGRESSIVE;
				GCC_WARN_UNUSED_FUNCTION = YES;
				GCC_WARN_UNUSED_VARIABLE = YES;
				IPHONEOS_DEPLOYMENT_TARGET = 11.2;
				MTL_ENABLE_DEBUG_INFO = NO;
				SDKROOT = iphoneos;
				SWIFT_OPTIMIZATION_LEVEL = "-Owholemodule";
				VALIDATE_PRODUCT = YES;
			};
			name = Release;
		};
		48FE001820463DAF00256705 /* Debug */ = {
			isa = XCBuildConfiguration;
			buildSettings = {
				ASSETCATALOG_COMPILER_APPICON_NAME = AppIcon;
				CODE_SIGN_STYLE = Automatic;
				DEVELOPMENT_TEAM = BTBSK8M5GZ;
				HEADER_SEARCH_PATHS = "";
				INFOPLIST_FILE = saycheese/Info.plist;
				IPHONEOS_DEPLOYMENT_TARGET = 10.1;
				LD_RUNPATH_SEARCH_PATHS = "$(inherited) @executable_path/Frameworks";
				PRODUCT_BUNDLE_IDENTIFIER = com.dev.saycheese;
				PRODUCT_NAME = "$(TARGET_NAME)";
				SWIFT_OBJC_BRIDGING_HEADER = "saycheese/Bridging-Header.h";
				"SWIFT_OBJC_BRIDGING_HEADER[arch=*]" = "/Users/jovin/Documents/Dev/ish/saycheese-iOS/saycheese/saycheese/Bridging-Header.h";
				SWIFT_SWIFT3_OBJC_INFERENCE = Default;
				SWIFT_VERSION = 4.0;
				TARGETED_DEVICE_FAMILY = "1,2";
				USER_HEADER_SEARCH_PATHS = "";
				"USER_HEADER_SEARCH_PATHS[arch=*]" = "";
			};
			name = Debug;
		};
		48FE001920463DAF00256705 /* Release */ = {
			isa = XCBuildConfiguration;
			buildSettings = {
				ASSETCATALOG_COMPILER_APPICON_NAME = AppIcon;
				CODE_SIGN_STYLE = Automatic;
				DEVELOPMENT_TEAM = BTBSK8M5GZ;
				HEADER_SEARCH_PATHS = "";
				INFOPLIST_FILE = saycheese/Info.plist;
				IPHONEOS_DEPLOYMENT_TARGET = 10.1;
				LD_RUNPATH_SEARCH_PATHS = "$(inherited) @executable_path/Frameworks";
				PRODUCT_BUNDLE_IDENTIFIER = com.dev.saycheese;
				PRODUCT_NAME = "$(TARGET_NAME)";
				SWIFT_OBJC_BRIDGING_HEADER = "saycheese/Bridging-Header.h";
				"SWIFT_OBJC_BRIDGING_HEADER[arch=*]" = "/Users/jovin/Documents/Dev/ish/saycheese-iOS/saycheese/saycheese/Bridging-Header.h";
				SWIFT_SWIFT3_OBJC_INFERENCE = Default;
				SWIFT_VERSION = 4.0;
				TARGETED_DEVICE_FAMILY = "1,2";
				USER_HEADER_SEARCH_PATHS = "";
			};
			name = Release;
		};
/* End XCBuildConfiguration section */

/* Begin XCConfigurationList section */
		48FE000020463DAE00256705 /* Build configuration list for PBXProject "saycheese" */ = {
			isa = XCConfigurationList;
			buildConfigurations = (
				48FE001520463DAF00256705 /* Debug */,
				48FE001620463DAF00256705 /* Release */,
			);
			defaultConfigurationIsVisible = 0;
			defaultConfigurationName = Release;
		};
		48FE001720463DAF00256705 /* Build configuration list for PBXNativeTarget "saycheese" */ = {
			isa = XCConfigurationList;
			buildConfigurations = (
				48FE001820463DAF00256705 /* Debug */,
				48FE001920463DAF00256705 /* Release */,
			);
			defaultConfigurationIsVisible = 0;
			defaultConfigurationName = Release;
		};
/* End XCConfigurationList section */
	};
	rootObject = 48FEFFFD20463DAE00256705 /* Project object */;
}
